
Microsoft Visual Studio Solution File, Format Version 12.00
# Visual Studio Version 17
VisualStudioVersion = 17.11.35312.102
MinimumVisualStudioVersion = 10.0.40219.1
Project("{FAE04EC0-301F-11D3-BF4B-00C04F79EFBC}") = "GaussNumberStruct", "GaussNumberStruct.csproj", "{F1DF8CAD-B8FE-414E-B2E7-6EA911F9D6BF}"
EndProject
Project("{FAE04EC0-301F-11D3-BF4B-00C04F79EFBC}") = "GaussNumberStructUnitTests", "..\GaussNumberStructUnitTests\GaussNumberStructUnitTests.csproj", "{652C7FB9-5A08-4CF9-A4B7-76866CDC8444}"
EndProject
Global
	GlobalSection(SolutionConfigurationPlatforms) = preSolution
		Debug|Any CPU = Debug|Any CPU
		Release|Any CPU = Release|Any CPU
	EndGlobalSection
	GlobalSection(ProjectConfigurationPlatforms) = postSolution
		{F1DF8CAD-B8FE-414E-B2E7-6EA911F9D6BF}.Debug|Any CPU.ActiveCfg = Debug|Any CPU
		{F1DF8CAD-B8FE-414E-B2E7-6EA911F9D6BF}.Debug|Any CPU.Build.0 = Debug|Any CPU
		{F1DF8CAD-B8FE-414E-B2E7-6EA911F9D6BF}.Release|Any CPU.ActiveCfg = Release|Any CPU
		{F1DF8CAD-B8FE-414E-B2E7-6EA911F9D6BF}.Release|Any CPU.Build.0 = Release|Any CPU
		{652C7FB9-5A08-4CF9-A4B7-76866CDC8444}.Debug|Any CPU.ActiveCfg = Debug|Any CPU
		{652C7FB9-5A08-4CF9-A4B7-76866CDC8444}.Debug|Any CPU.Build.0 = Debug|Any CPU
		{652C7FB9-5A08-4CF9-A4B7-76866CDC8444}.Release|Any CPU.ActiveCfg = Release|Any CPU
		{652C7FB9-5A08-4CF9-A4B7-76866CDC8444}.Release|Any CPU.Build.0 = Release|Any CPU
	EndGlobalSection
	GlobalSection(SolutionProperties) = preSolution
		HideSolutionNode = FALSE
	EndGlobalSection
	GlobalSection(ExtensibilityGlobals) = postSolution
		SolutionGuid = {2657BBD9-E8C2-4AE7-B4FF-CD77AB6BF414}
	EndGlobalSection
EndGlobal
