
Microsoft Visual Studio Solution File, Format Version 12.00
# Visual Studio Version 17
VisualStudioVersion = 17.11.35312.102
MinimumVisualStudioVersion = 10.0.40219.1
Project("{FAE04EC0-301F-11D3-BF4B-00C04F79EFBC}") = "WarehouseLibrary", "WarehouseLibrary.csproj", "{50619676-79AE-4716-9F7E-A6161983CF03}"
EndProject
Project("{FAE04EC0-301F-11D3-BF4B-00C04F79EFBC}") = "WarehouseLibraryUnitTests", "..\WarehouseLibraryUnitTests\WarehouseLibraryUnitTests.csproj", "{C0D02AE6-AC57-4BCD-95E0-F5EA30AFEF67}"
EndProject
Global
	GlobalSection(SolutionConfigurationPlatforms) = preSolution
		Debug|Any CPU = Debug|Any CPU
		Release|Any CPU = Release|Any CPU
	EndGlobalSection
	GlobalSection(ProjectConfigurationPlatforms) = postSolution
		{50619676-79AE-4716-9F7E-A6161983CF03}.Debug|Any CPU.ActiveCfg = Debug|Any CPU
		{50619676-79AE-4716-9F7E-A6161983CF03}.Debug|Any CPU.Build.0 = Debug|Any CPU
		{50619676-79AE-4716-9F7E-A6161983CF03}.Release|Any CPU.ActiveCfg = Release|Any CPU
		{50619676-79AE-4716-9F7E-A6161983CF03}.Release|Any CPU.Build.0 = Release|Any CPU
		{C0D02AE6-AC57-4BCD-95E0-F5EA30AFEF67}.Debug|Any CPU.ActiveCfg = Debug|Any CPU
		{C0D02AE6-AC57-4BCD-95E0-F5EA30AFEF67}.Debug|Any CPU.Build.0 = Debug|Any CPU
		{C0D02AE6-AC57-4BCD-95E0-F5EA30AFEF67}.Release|Any CPU.ActiveCfg = Release|Any CPU
		{C0D02AE6-AC57-4BCD-95E0-F5EA30AFEF67}.Release|Any CPU.Build.0 = Release|Any CPU
	EndGlobalSection
	GlobalSection(SolutionProperties) = preSolution
		HideSolutionNode = FALSE
	EndGlobalSection
	GlobalSection(ExtensibilityGlobals) = postSolution
		SolutionGuid = {797C4AF5-65CB-4696-9BE9-406B0CB271BA}
	EndGlobalSection
EndGlobal
