
Microsoft Visual Studio Solution File, Format Version 12.00
# Visual Studio Version 17
VisualStudioVersion = 17.11.35312.102
MinimumVisualStudioVersion = 10.0.40219.1
Project("{FAE04EC0-301F-11D3-BF4B-00C04F79EFBC}") = "dz77", "dz77\dz77.csproj", "{61FA91CD-3710-4C04-9019-768F7FBE6499}"
EndProject
Global
	GlobalSection(SolutionConfigurationPlatforms) = preSolution
		Debug|Any CPU = Debug|Any CPU
		Release|Any CPU = Release|Any CPU
	EndGlobalSection
	GlobalSection(ProjectConfigurationPlatforms) = postSolution
		{61FA91CD-3710-4C04-9019-768F7FBE6499}.Debug|Any CPU.ActiveCfg = Debug|Any CPU
		{61FA91CD-3710-4C04-9019-768F7FBE6499}.Debug|Any CPU.Build.0 = Debug|Any CPU
		{61FA91CD-3710-4C04-9019-768F7FBE6499}.Release|Any CPU.ActiveCfg = Release|Any CPU
		{61FA91CD-3710-4C04-9019-768F7FBE6499}.Release|Any CPU.Build.0 = Release|Any CPU
	EndGlobalSection
	GlobalSection(SolutionProperties) = preSolution
		HideSolutionNode = FALSE
	EndGlobalSection
	GlobalSection(ExtensibilityGlobals) = postSolution
		SolutionGuid = {FDEAF2DC-1FBA-4996-8F01-32822B53CDF5}
	EndGlobalSection
EndGlobal
